
Microsoft Visual Studio Solution File, Format Version 12.00
# Visual Studio Version 16
Project("{8BC9CEB8-8B4A-11D0-8D11-00A0C91BC942}") = "CLI", "CLI\CLI.vcxproj", "{FDD9870B-69E3-877C-F25E-9E7C5E67937C}"
EndProject
Project("{8BC9CEB8-8B4A-11D0-8D11-00A0C91BC942}") = "MapReduce", "MapReduce\MapReduce.vcxproj", "{DB489AF4-47B3-4E6B-90F1-FF10FC9A2CC0}"
EndProject
Project("{8BC9CEB8-8B4A-11D0-8D11-00A0C91BC942}") = "Sandbox", "Sandbox\Sandbox.vcxproj", "{F4C124E3-60A1-A37E-69B9-2E55D5170AE0}"
EndProject
Global
	GlobalSection(SolutionConfigurationPlatforms) = preSolution
		Debug|Win64 = Debug|Win64
		Dist|Win64 = Dist|Win64
		Release|Win64 = Release|Win64
	EndGlobalSection
	GlobalSection(ProjectConfigurationPlatforms) = postSolution
		{FDD9870B-69E3-877C-F25E-9E7C5E67937C}.Debug|Win64.ActiveCfg = Debug Win64|x64
		{FDD9870B-69E3-877C-F25E-9E7C5E67937C}.Debug|Win64.Build.0 = Debug Win64|x64
		{FDD9870B-69E3-877C-F25E-9E7C5E67937C}.Dist|Win64.ActiveCfg = Dist Win64|x64
		{FDD9870B-69E3-877C-F25E-9E7C5E67937C}.Dist|Win64.Build.0 = Dist Win64|x64
		{FDD9870B-69E3-877C-F25E-9E7C5E67937C}.Release|Win64.ActiveCfg = Release Win64|x64
		{FDD9870B-69E3-877C-F25E-9E7C5E67937C}.Release|Win64.Build.0 = Release Win64|x64
		{DB489AF4-47B3-4E6B-90F1-FF10FC9A2CC0}.Debug|Win64.ActiveCfg = Debug Win64|x64
		{DB489AF4-47B3-4E6B-90F1-FF10FC9A2CC0}.Debug|Win64.Build.0 = Debug Win64|x64
		{DB489AF4-47B3-4E6B-90F1-FF10FC9A2CC0}.Dist|Win64.ActiveCfg = Dist Win64|x64
		{DB489AF4-47B3-4E6B-90F1-FF10FC9A2CC0}.Dist|Win64.Build.0 = Dist Win64|x64
		{DB489AF4-47B3-4E6B-90F1-FF10FC9A2CC0}.Release|Win64.ActiveCfg = Release Win64|x64
		{DB489AF4-47B3-4E6B-90F1-FF10FC9A2CC0}.Release|Win64.Build.0 = Release Win64|x64
		{F4C124E3-60A1-A37E-69B9-2E55D5170AE0}.Debug|Win64.ActiveCfg = Debug Win64|x64
		{F4C124E3-60A1-A37E-69B9-2E55D5170AE0}.Debug|Win64.Build.0 = Debug Win64|x64
		{F4C124E3-60A1-A37E-69B9-2E55D5170AE0}.Dist|Win64.ActiveCfg = Dist Win64|x64
		{F4C124E3-60A1-A37E-69B9-2E55D5170AE0}.Dist|Win64.Build.0 = Dist Win64|x64
		{F4C124E3-60A1-A37E-69B9-2E55D5170AE0}.Release|Win64.ActiveCfg = Release Win64|x64
		{F4C124E3-60A1-A37E-69B9-2E55D5170AE0}.Release|Win64.Build.0 = Release Win64|x64
	EndGlobalSection
	GlobalSection(SolutionProperties) = preSolution
		HideSolutionNode = FALSE
	EndGlobalSection
EndGlobal
